
Microsoft Visual Studio Solution File, Format Version 12.00
# Visual Studio 15
VisualStudioVersion = 15.0.27428.2005
MinimumVisualStudioVersion = 10.0.40219.1
Project("{E24C65DC-7377-472B-9ABA-BC803B73C61A}") = "QRE(1)", ".", "{FD98E148-46BF-4D66-BAE8-55071903BC2E}"
	ProjectSection(WebsiteProperties) = preProject
		TargetFrameworkMoniker = ".NETFramework,Version%3Dv4.0"
		Debug.AspNetCompiler.VirtualPath = "/localhost_64956"
		Debug.AspNetCompiler.PhysicalPath = "E:\QRE\"
		Debug.AspNetCompiler.TargetPath = "PrecompiledWeb\localhost_64956\"
		Debug.AspNetCompiler.Updateable = "true"
		Debug.AspNetCompiler.ForceOverwrite = "true"
		Debug.AspNetCompiler.FixedNames = "false"
		Debug.AspNetCompiler.Debug = "True"
		Release.AspNetCompiler.VirtualPath = "/localhost_64956"
		Release.AspNetCompiler.PhysicalPath = "E:\QRE\"
		Release.AspNetCompiler.TargetPath = "PrecompiledWeb\localhost_64956\"
		Release.AspNetCompiler.Updateable = "true"
		Release.AspNetCompiler.ForceOverwrite = "true"
		Release.AspNetCompiler.FixedNames = "false"
		Release.AspNetCompiler.Debug = "False"
		VWDPort = "64956"
	EndProjectSection
EndProject
Global
	GlobalSection(SolutionConfigurationPlatforms) = preSolution
		Debug|Any CPU = Debug|Any CPU
	EndGlobalSection
	GlobalSection(ProjectConfigurationPlatforms) = postSolution
		{FD98E148-46BF-4D66-BAE8-55071903BC2E}.Debug|Any CPU.ActiveCfg = Debug|Any CPU
		{FD98E148-46BF-4D66-BAE8-55071903BC2E}.Debug|Any CPU.Build.0 = Debug|Any CPU
	EndGlobalSection
	GlobalSection(SolutionProperties) = preSolution
		HideSolutionNode = FALSE
	EndGlobalSection
	GlobalSection(ExtensibilityGlobals) = postSolution
		SolutionGuid = {88459B88-D8B9-4602-BC2E-A39EA4931E6C}
	EndGlobalSection
EndGlobal
